
Microsoft Visual Studio Solution File, Format Version 12.00
Project("{FAE04EC0-301F-11D3-BF4B-00C04F79EFBC}") = "EmployeesCompany", "EmployeesCompany\EmployeesCompany.csproj", "{EA9A04CD-F1A5-449B-9B84-972AE3A167A6}"
EndProject
Project("{FAE04EC0-301F-11D3-BF4B-00C04F79EFBC}") = "Contracts", "Contracts\Contracts.csproj", "{AF652FE9-2068-4582-AF9D-D78CBB15D2EF}"
EndProject
Project("{FAE04EC0-301F-11D3-BF4B-00C04F79EFBC}") = "LoggerService", "LoggerService\LoggerService.csproj", "{699DFF53-BA55-4D7A-927E-1AA808632D8E}"
EndProject
Project("{FAE04EC0-301F-11D3-BF4B-00C04F79EFBC}") = "Entities", "Entities\Entities.csproj", "{CDC3990B-A181-49A2-B5B8-69C617456FF6}"
EndProject
Project("{FAE04EC0-301F-11D3-BF4B-00C04F79EFBC}") = "Repository", "Repository\Repository.csproj", "{4948E568-D95F-4845-A529-EDA1DAB05D9F}"
EndProject
Project("{FAE04EC0-301F-11D3-BF4B-00C04F79EFBC}") = "Service.Contracts", "Service.Contracts\Service.Contracts.csproj", "{A72C9623-695D-414E-8F9D-95ADBC30A828}"
EndProject
Project("{FAE04EC0-301F-11D3-BF4B-00C04F79EFBC}") = "Service", "Service\Service.csproj", "{DD5EB9FA-D5D4-431C-98B1-5F29DB1AF48B}"
EndProject
Project("{FAE04EC0-301F-11D3-BF4B-00C04F79EFBC}") = "CompanyEmployees.Presentation", "CompanyEmployees.Presentation\CompanyEmployees.Presentation.csproj", "{6DAC1BA3-B4CE-4BCA-A38A-94E5CA26A756}"
EndProject
Project("{FAE04EC0-301F-11D3-BF4B-00C04F79EFBC}") = "Shared", "Shared\Shared.csproj", "{DC15E796-A412-42A7-AB66-AB33D39D7626}"
EndProject
Project("{FAE04EC0-301F-11D3-BF4B-00C04F79EFBC}") = "ActionFilters", "ActionFilters\ActionFilters.csproj", "{A4749FDD-FDFD-4B70-8820-87F70A4E6BF2}"
EndProject
Global
	GlobalSection(SolutionConfigurationPlatforms) = preSolution
		Debug|Any CPU = Debug|Any CPU
		Release|Any CPU = Release|Any CPU
	EndGlobalSection
	GlobalSection(ProjectConfigurationPlatforms) = postSolution
		{EA9A04CD-F1A5-449B-9B84-972AE3A167A6}.Debug|Any CPU.ActiveCfg = Debug|Any CPU
		{EA9A04CD-F1A5-449B-9B84-972AE3A167A6}.Debug|Any CPU.Build.0 = Debug|Any CPU
		{EA9A04CD-F1A5-449B-9B84-972AE3A167A6}.Release|Any CPU.ActiveCfg = Release|Any CPU
		{EA9A04CD-F1A5-449B-9B84-972AE3A167A6}.Release|Any CPU.Build.0 = Release|Any CPU
		{AF652FE9-2068-4582-AF9D-D78CBB15D2EF}.Debug|Any CPU.ActiveCfg = Debug|Any CPU
		{AF652FE9-2068-4582-AF9D-D78CBB15D2EF}.Debug|Any CPU.Build.0 = Debug|Any CPU
		{AF652FE9-2068-4582-AF9D-D78CBB15D2EF}.Release|Any CPU.ActiveCfg = Release|Any CPU
		{AF652FE9-2068-4582-AF9D-D78CBB15D2EF}.Release|Any CPU.Build.0 = Release|Any CPU
		{699DFF53-BA55-4D7A-927E-1AA808632D8E}.Debug|Any CPU.ActiveCfg = Debug|Any CPU
		{699DFF53-BA55-4D7A-927E-1AA808632D8E}.Debug|Any CPU.Build.0 = Debug|Any CPU
		{699DFF53-BA55-4D7A-927E-1AA808632D8E}.Release|Any CPU.ActiveCfg = Release|Any CPU
		{699DFF53-BA55-4D7A-927E-1AA808632D8E}.Release|Any CPU.Build.0 = Release|Any CPU
		{CDC3990B-A181-49A2-B5B8-69C617456FF6}.Debug|Any CPU.ActiveCfg = Debug|Any CPU
		{CDC3990B-A181-49A2-B5B8-69C617456FF6}.Debug|Any CPU.Build.0 = Debug|Any CPU
		{CDC3990B-A181-49A2-B5B8-69C617456FF6}.Release|Any CPU.ActiveCfg = Release|Any CPU
		{CDC3990B-A181-49A2-B5B8-69C617456FF6}.Release|Any CPU.Build.0 = Release|Any CPU
		{4948E568-D95F-4845-A529-EDA1DAB05D9F}.Debug|Any CPU.ActiveCfg = Debug|Any CPU
		{4948E568-D95F-4845-A529-EDA1DAB05D9F}.Debug|Any CPU.Build.0 = Debug|Any CPU
		{4948E568-D95F-4845-A529-EDA1DAB05D9F}.Release|Any CPU.ActiveCfg = Release|Any CPU
		{4948E568-D95F-4845-A529-EDA1DAB05D9F}.Release|Any CPU.Build.0 = Release|Any CPU
		{A72C9623-695D-414E-8F9D-95ADBC30A828}.Debug|Any CPU.ActiveCfg = Debug|Any CPU
		{A72C9623-695D-414E-8F9D-95ADBC30A828}.Debug|Any CPU.Build.0 = Debug|Any CPU
		{A72C9623-695D-414E-8F9D-95ADBC30A828}.Release|Any CPU.ActiveCfg = Release|Any CPU
		{A72C9623-695D-414E-8F9D-95ADBC30A828}.Release|Any CPU.Build.0 = Release|Any CPU
		{DD5EB9FA-D5D4-431C-98B1-5F29DB1AF48B}.Debug|Any CPU.ActiveCfg = Debug|Any CPU
		{DD5EB9FA-D5D4-431C-98B1-5F29DB1AF48B}.Debug|Any CPU.Build.0 = Debug|Any CPU
		{DD5EB9FA-D5D4-431C-98B1-5F29DB1AF48B}.Release|Any CPU.ActiveCfg = Release|Any CPU
		{DD5EB9FA-D5D4-431C-98B1-5F29DB1AF48B}.Release|Any CPU.Build.0 = Release|Any CPU
		{6DAC1BA3-B4CE-4BCA-A38A-94E5CA26A756}.Debug|Any CPU.ActiveCfg = Debug|Any CPU
		{6DAC1BA3-B4CE-4BCA-A38A-94E5CA26A756}.Debug|Any CPU.Build.0 = Debug|Any CPU
		{6DAC1BA3-B4CE-4BCA-A38A-94E5CA26A756}.Release|Any CPU.ActiveCfg = Release|Any CPU
		{6DAC1BA3-B4CE-4BCA-A38A-94E5CA26A756}.Release|Any CPU.Build.0 = Release|Any CPU
		{DC15E796-A412-42A7-AB66-AB33D39D7626}.Debug|Any CPU.ActiveCfg = Debug|Any CPU
		{DC15E796-A412-42A7-AB66-AB33D39D7626}.Debug|Any CPU.Build.0 = Debug|Any CPU
		{DC15E796-A412-42A7-AB66-AB33D39D7626}.Release|Any CPU.ActiveCfg = Release|Any CPU
		{DC15E796-A412-42A7-AB66-AB33D39D7626}.Release|Any CPU.Build.0 = Release|Any CPU
		{A4749FDD-FDFD-4B70-8820-87F70A4E6BF2}.Debug|Any CPU.ActiveCfg = Debug|Any CPU
		{A4749FDD-FDFD-4B70-8820-87F70A4E6BF2}.Debug|Any CPU.Build.0 = Debug|Any CPU
		{A4749FDD-FDFD-4B70-8820-87F70A4E6BF2}.Release|Any CPU.ActiveCfg = Release|Any CPU
		{A4749FDD-FDFD-4B70-8820-87F70A4E6BF2}.Release|Any CPU.Build.0 = Release|Any CPU
	EndGlobalSection
EndGlobal
